
Microsoft Visual Studio Solution File, Format Version 12.00
# Visual Studio Version 16
VisualStudioVersion = 16.0.31005.135
MinimumVisualStudioVersion = 10.0.40219.1
Project("{FAE04EC0-301F-11D3-BF4B-00C04F79EFBC}") = "Лаб9", "Лаб9.csproj", "{198F3809-2BE9-4D2B-8361-B818E1E7C646}"
EndProject
Global
	GlobalSection(SolutionConfigurationPlatforms) = preSolution
		Debug|Any CPU = Debug|Any CPU
		Release|Any CPU = Release|Any CPU
	EndGlobalSection
	GlobalSection(ProjectConfigurationPlatforms) = postSolution
		{198F3809-2BE9-4D2B-8361-B818E1E7C646}.Debug|Any CPU.ActiveCfg = Debug|Any CPU
		{198F3809-2BE9-4D2B-8361-B818E1E7C646}.Debug|Any CPU.Build.0 = Debug|Any CPU
		{198F3809-2BE9-4D2B-8361-B818E1E7C646}.Release|Any CPU.ActiveCfg = Release|Any CPU
		{198F3809-2BE9-4D2B-8361-B818E1E7C646}.Release|Any CPU.Build.0 = Release|Any CPU
	EndGlobalSection
	GlobalSection(SolutionProperties) = preSolution
		HideSolutionNode = FALSE
	EndGlobalSection
	GlobalSection(ExtensibilityGlobals) = postSolution
		SolutionGuid = {239EA4C4-FE55-4D1B-A4D6-854567C0A844}
	EndGlobalSection
EndGlobal
